
Microsoft Visual Studio Solution File, Format Version 12.00
# Visual Studio 15
VisualStudioVersion = 15.0.26124.0
MinimumVisualStudioVersion = 15.0.26124.0
Project("{FAE04EC0-301F-11D3-BF4B-00C04F79EFBC}") = "BoardService", "RevChessEngine.BoardService\BoardService.csproj", "{FF0C2EA2-575C-4633-8A04-F5E020D53F6F}"
EndProject
Project("{FAE04EC0-301F-11D3-BF4B-00C04F79EFBC}") = "Client", "RevChessEngine.Client\Client.csproj", "{2FCB2EE0-71E6-4796-995C-F0AC37D54748}"
EndProject
Project("{FAE04EC0-301F-11D3-BF4B-00C04F79EFBC}") = "Test", "RevChessEngine.Test\Test.csproj", "{B6FB75A1-C117-4CB6-81A1-7C3E85C9745F}"
EndProject
Project("{FAE04EC0-301F-11D3-BF4B-00C04F79EFBC}") = "UserService", "RevChessEngine.UserService\UserService.csproj", "{EE4A90AC-D019-4878-A852-D72E37FDF74F}"
EndProject
Global
	GlobalSection(SolutionConfigurationPlatforms) = preSolution
		Debug|Any CPU = Debug|Any CPU
		Debug|x64 = Debug|x64
		Debug|x86 = Debug|x86
		Release|Any CPU = Release|Any CPU
		Release|x64 = Release|x64
		Release|x86 = Release|x86
	EndGlobalSection
	GlobalSection(SolutionProperties) = preSolution
		HideSolutionNode = FALSE
	EndGlobalSection
	GlobalSection(ProjectConfigurationPlatforms) = postSolution
		{FF0C2EA2-575C-4633-8A04-F5E020D53F6F}.Debug|Any CPU.ActiveCfg = Debug|Any CPU
		{FF0C2EA2-575C-4633-8A04-F5E020D53F6F}.Debug|Any CPU.Build.0 = Debug|Any CPU
		{FF0C2EA2-575C-4633-8A04-F5E020D53F6F}.Debug|x64.ActiveCfg = Debug|Any CPU
		{FF0C2EA2-575C-4633-8A04-F5E020D53F6F}.Debug|x64.Build.0 = Debug|Any CPU
		{FF0C2EA2-575C-4633-8A04-F5E020D53F6F}.Debug|x86.ActiveCfg = Debug|Any CPU
		{FF0C2EA2-575C-4633-8A04-F5E020D53F6F}.Debug|x86.Build.0 = Debug|Any CPU
		{FF0C2EA2-575C-4633-8A04-F5E020D53F6F}.Release|Any CPU.ActiveCfg = Release|Any CPU
		{FF0C2EA2-575C-4633-8A04-F5E020D53F6F}.Release|Any CPU.Build.0 = Release|Any CPU
		{FF0C2EA2-575C-4633-8A04-F5E020D53F6F}.Release|x64.ActiveCfg = Release|Any CPU
		{FF0C2EA2-575C-4633-8A04-F5E020D53F6F}.Release|x64.Build.0 = Release|Any CPU
		{FF0C2EA2-575C-4633-8A04-F5E020D53F6F}.Release|x86.ActiveCfg = Release|Any CPU
		{FF0C2EA2-575C-4633-8A04-F5E020D53F6F}.Release|x86.Build.0 = Release|Any CPU
		{2FCB2EE0-71E6-4796-995C-F0AC37D54748}.Debug|Any CPU.ActiveCfg = Debug|Any CPU
		{2FCB2EE0-71E6-4796-995C-F0AC37D54748}.Debug|Any CPU.Build.0 = Debug|Any CPU
		{2FCB2EE0-71E6-4796-995C-F0AC37D54748}.Debug|x64.ActiveCfg = Debug|Any CPU
		{2FCB2EE0-71E6-4796-995C-F0AC37D54748}.Debug|x64.Build.0 = Debug|Any CPU
		{2FCB2EE0-71E6-4796-995C-F0AC37D54748}.Debug|x86.ActiveCfg = Debug|Any CPU
		{2FCB2EE0-71E6-4796-995C-F0AC37D54748}.Debug|x86.Build.0 = Debug|Any CPU
		{2FCB2EE0-71E6-4796-995C-F0AC37D54748}.Release|Any CPU.ActiveCfg = Release|Any CPU
		{2FCB2EE0-71E6-4796-995C-F0AC37D54748}.Release|Any CPU.Build.0 = Release|Any CPU
		{2FCB2EE0-71E6-4796-995C-F0AC37D54748}.Release|x64.ActiveCfg = Release|Any CPU
		{2FCB2EE0-71E6-4796-995C-F0AC37D54748}.Release|x64.Build.0 = Release|Any CPU
		{2FCB2EE0-71E6-4796-995C-F0AC37D54748}.Release|x86.ActiveCfg = Release|Any CPU
		{2FCB2EE0-71E6-4796-995C-F0AC37D54748}.Release|x86.Build.0 = Release|Any CPU
		{B6FB75A1-C117-4CB6-81A1-7C3E85C9745F}.Debug|Any CPU.ActiveCfg = Debug|Any CPU
		{B6FB75A1-C117-4CB6-81A1-7C3E85C9745F}.Debug|Any CPU.Build.0 = Debug|Any CPU
		{B6FB75A1-C117-4CB6-81A1-7C3E85C9745F}.Debug|x64.ActiveCfg = Debug|Any CPU
		{B6FB75A1-C117-4CB6-81A1-7C3E85C9745F}.Debug|x64.Build.0 = Debug|Any CPU
		{B6FB75A1-C117-4CB6-81A1-7C3E85C9745F}.Debug|x86.ActiveCfg = Debug|Any CPU
		{B6FB75A1-C117-4CB6-81A1-7C3E85C9745F}.Debug|x86.Build.0 = Debug|Any CPU
		{B6FB75A1-C117-4CB6-81A1-7C3E85C9745F}.Release|Any CPU.ActiveCfg = Release|Any CPU
		{B6FB75A1-C117-4CB6-81A1-7C3E85C9745F}.Release|Any CPU.Build.0 = Release|Any CPU
		{B6FB75A1-C117-4CB6-81A1-7C3E85C9745F}.Release|x64.ActiveCfg = Release|Any CPU
		{B6FB75A1-C117-4CB6-81A1-7C3E85C9745F}.Release|x64.Build.0 = Release|Any CPU
		{B6FB75A1-C117-4CB6-81A1-7C3E85C9745F}.Release|x86.ActiveCfg = Release|Any CPU
		{B6FB75A1-C117-4CB6-81A1-7C3E85C9745F}.Release|x86.Build.0 = Release|Any CPU
		{EE4A90AC-D019-4878-A852-D72E37FDF74F}.Debug|Any CPU.ActiveCfg = Debug|Any CPU
		{EE4A90AC-D019-4878-A852-D72E37FDF74F}.Debug|Any CPU.Build.0 = Debug|Any CPU
		{EE4A90AC-D019-4878-A852-D72E37FDF74F}.Debug|x64.ActiveCfg = Debug|Any CPU
		{EE4A90AC-D019-4878-A852-D72E37FDF74F}.Debug|x64.Build.0 = Debug|Any CPU
		{EE4A90AC-D019-4878-A852-D72E37FDF74F}.Debug|x86.ActiveCfg = Debug|Any CPU
		{EE4A90AC-D019-4878-A852-D72E37FDF74F}.Debug|x86.Build.0 = Debug|Any CPU
		{EE4A90AC-D019-4878-A852-D72E37FDF74F}.Release|Any CPU.ActiveCfg = Release|Any CPU
		{EE4A90AC-D019-4878-A852-D72E37FDF74F}.Release|Any CPU.Build.0 = Release|Any CPU
		{EE4A90AC-D019-4878-A852-D72E37FDF74F}.Release|x64.ActiveCfg = Release|Any CPU
		{EE4A90AC-D019-4878-A852-D72E37FDF74F}.Release|x64.Build.0 = Release|Any CPU
		{EE4A90AC-D019-4878-A852-D72E37FDF74F}.Release|x86.ActiveCfg = Release|Any CPU
		{EE4A90AC-D019-4878-A852-D72E37FDF74F}.Release|x86.Build.0 = Release|Any CPU
	EndGlobalSection
EndGlobal
